
Microsoft Visual Studio Solution File, Format Version 12.00
# Visual Studio Version 17
VisualStudioVersion = 17.9.34616.47
MinimumVisualStudioVersion = 10.0.40219.1
Project("{FAE04EC0-301F-11D3-BF4B-00C04F79EFBC}") = "e series", "e series\e series.csproj", "{BC53000D-4AAE-4BC6-B019-F7E504603F99}"
EndProject
Global
	GlobalSection(SolutionConfigurationPlatforms) = preSolution
		Debug|Any CPU = Debug|Any CPU
		Release|Any CPU = Release|Any CPU
	EndGlobalSection
	GlobalSection(ProjectConfigurationPlatforms) = postSolution
		{BC53000D-4AAE-4BC6-B019-F7E504603F99}.Debug|Any CPU.ActiveCfg = Debug|Any CPU
		{BC53000D-4AAE-4BC6-B019-F7E504603F99}.Debug|Any CPU.Build.0 = Debug|Any CPU
		{BC53000D-4AAE-4BC6-B019-F7E504603F99}.Release|Any CPU.ActiveCfg = Release|Any CPU
		{BC53000D-4AAE-4BC6-B019-F7E504603F99}.Release|Any CPU.Build.0 = Release|Any CPU
	EndGlobalSection
	GlobalSection(SolutionProperties) = preSolution
		HideSolutionNode = FALSE
	EndGlobalSection
	GlobalSection(ExtensibilityGlobals) = postSolution
		SolutionGuid = {B1A9597E-FD10-47C2-9006-16761F1A0B8D}
	EndGlobalSection
EndGlobal
